
Microsoft Visual Studio Solution File, Format Version 12.00
Project("{FAE04EC0-301F-11D3-BF4B-00C04F79EFBC}") = "AliceSkill", "AliceSkill\AliceSkill.csproj", "{8B6CD522-959A-42C0-AA2F-86CC251934A8}"
EndProject
Project("{FAE04EC0-301F-11D3-BF4B-00C04F79EFBC}") = "TelegramBot", "TelegramBot\TelegramBot.csproj", "{42D5B8E5-F4DD-41D0-BACA-39324BEEB845}"
EndProject
Global
	GlobalSection(SolutionConfigurationPlatforms) = preSolution
		Debug|Any CPU = Debug|Any CPU
		Release|Any CPU = Release|Any CPU
	EndGlobalSection
	GlobalSection(ProjectConfigurationPlatforms) = postSolution
		{8B6CD522-959A-42C0-AA2F-86CC251934A8}.Debug|Any CPU.ActiveCfg = Debug|Any CPU
		{8B6CD522-959A-42C0-AA2F-86CC251934A8}.Debug|Any CPU.Build.0 = Debug|Any CPU
		{8B6CD522-959A-42C0-AA2F-86CC251934A8}.Release|Any CPU.ActiveCfg = Release|Any CPU
		{8B6CD522-959A-42C0-AA2F-86CC251934A8}.Release|Any CPU.Build.0 = Release|Any CPU
		{42D5B8E5-F4DD-41D0-BACA-39324BEEB845}.Debug|Any CPU.ActiveCfg = Debug|Any CPU
		{42D5B8E5-F4DD-41D0-BACA-39324BEEB845}.Debug|Any CPU.Build.0 = Debug|Any CPU
		{42D5B8E5-F4DD-41D0-BACA-39324BEEB845}.Release|Any CPU.ActiveCfg = Release|Any CPU
		{42D5B8E5-F4DD-41D0-BACA-39324BEEB845}.Release|Any CPU.Build.0 = Release|Any CPU
	EndGlobalSection
EndGlobal
